
Microsoft Visual Studio Solution File, Format Version 12.00
Project("{FAE04EC0-301F-11D3-BF4B-00C04F79EFBC}") = "GatewayClient", "GatewayClient\GatewayClient.csproj", "{8388ABCC-0E9D-45A4-861E-06E32EA287F9}"
EndProject
Project("{FAE04EC0-301F-11D3-BF4B-00C04F79EFBC}") = "GatewayClient.UnitTests", "GatewayClient.UnitTests\GatewayClient.UnitTests.csproj", "{85A11255-A1C1-4014-B9C8-73F58C3062DE}"
EndProject
Global
	GlobalSection(SolutionConfigurationPlatforms) = preSolution
		Debug|Any CPU = Debug|Any CPU
		Release|Any CPU = Release|Any CPU
	EndGlobalSection
	GlobalSection(ProjectConfigurationPlatforms) = postSolution
		{8388ABCC-0E9D-45A4-861E-06E32EA287F9}.Debug|Any CPU.ActiveCfg = Debug|Any CPU
		{8388ABCC-0E9D-45A4-861E-06E32EA287F9}.Debug|Any CPU.Build.0 = Debug|Any CPU
		{8388ABCC-0E9D-45A4-861E-06E32EA287F9}.Release|Any CPU.ActiveCfg = Release|Any CPU
		{8388ABCC-0E9D-45A4-861E-06E32EA287F9}.Release|Any CPU.Build.0 = Release|Any CPU
		{85A11255-A1C1-4014-B9C8-73F58C3062DE}.Debug|Any CPU.ActiveCfg = Debug|Any CPU
		{85A11255-A1C1-4014-B9C8-73F58C3062DE}.Debug|Any CPU.Build.0 = Debug|Any CPU
		{85A11255-A1C1-4014-B9C8-73F58C3062DE}.Release|Any CPU.ActiveCfg = Release|Any CPU
		{85A11255-A1C1-4014-B9C8-73F58C3062DE}.Release|Any CPU.Build.0 = Release|Any CPU
	EndGlobalSection
EndGlobal
